
Microsoft Visual Studio Solution File, Format Version 12.00
# Visual Studio Version 17
VisualStudioVersion = 17.14.36511.14 d17.14
MinimumVisualStudioVersion = 10.0.40219.1
Project("{FAE04EC0-301F-11D3-BF4B-00C04F79EFBC}") = "ISIP423_Bogdanova", "ISIP423_Bogdanova.csproj", "{8255817F-A701-41F3-AD71-CB6EEE1A008F}"
EndProject
Global
	GlobalSection(SolutionConfigurationPlatforms) = preSolution
		Debug|Any CPU = Debug|Any CPU
		Release|Any CPU = Release|Any CPU
	EndGlobalSection
	GlobalSection(ProjectConfigurationPlatforms) = postSolution
		{8255817F-A701-41F3-AD71-CB6EEE1A008F}.Debug|Any CPU.ActiveCfg = Debug|Any CPU
		{8255817F-A701-41F3-AD71-CB6EEE1A008F}.Debug|Any CPU.Build.0 = Debug|Any CPU
		{8255817F-A701-41F3-AD71-CB6EEE1A008F}.Release|Any CPU.ActiveCfg = Release|Any CPU
		{8255817F-A701-41F3-AD71-CB6EEE1A008F}.Release|Any CPU.Build.0 = Release|Any CPU
	EndGlobalSection
	GlobalSection(SolutionProperties) = preSolution
		HideSolutionNode = FALSE
	EndGlobalSection
	GlobalSection(ExtensibilityGlobals) = postSolution
		SolutionGuid = {0505B56B-DF33-4F44-A6D9-D90BF3426104}
	EndGlobalSection
EndGlobal
